
Microsoft Visual Studio Solution File, Format Version 12.00
# Visual Studio 14
VisualStudioVersion = 14.0.23107.0
MinimumVisualStudioVersion = 10.0.40219.1
Project("{FAE04EC0-301F-11D3-BF4B-00C04F79EFBC}") = "Luann_R08", "Luann_R08\Luann_R08.csproj", "{054C6F42-6C12-4628-B137-B0D6066D02F9}"
EndProject
Global
	GlobalSection(SolutionConfigurationPlatforms) = preSolution
		Debug|Any CPU = Debug|Any CPU
		Release|Any CPU = Release|Any CPU
	EndGlobalSection
	GlobalSection(ProjectConfigurationPlatforms) = postSolution
		{054C6F42-6C12-4628-B137-B0D6066D02F9}.Debug|Any CPU.ActiveCfg = Debug|Any CPU
		{054C6F42-6C12-4628-B137-B0D6066D02F9}.Debug|Any CPU.Build.0 = Debug|Any CPU
		{054C6F42-6C12-4628-B137-B0D6066D02F9}.Release|Any CPU.ActiveCfg = Release|Any CPU
		{054C6F42-6C12-4628-B137-B0D6066D02F9}.Release|Any CPU.Build.0 = Release|Any CPU
	EndGlobalSection
	GlobalSection(SolutionProperties) = preSolution
		HideSolutionNode = FALSE
	EndGlobalSection
EndGlobal
