
Microsoft Visual Studio Solution File, Format Version 12.00
# Visual Studio 14
VisualStudioVersion = 14.0.23107.0
MinimumVisualStudioVersion = 10.0.40219.1
Project("{2150E333-8FDC-42A3-9474-1A3956D46DE8}") = "src", "src", "{E9DDD23D-AF5D-4A71-B95E-CA9A46A42FA3}"
EndProject
Project("{2150E333-8FDC-42A3-9474-1A3956D46DE8}") = "Solution Items", "Solution Items", "{6E6F4299-D937-4486-BA03-4F1CA801F263}"
	ProjectSection(SolutionItems) = preProject
		global.json = global.json
	EndProjectSection
EndProject
Project("{8BB2217D-0F2D-49D1-97BC-3654ED321F3B}") = "Exercicio1", "src\Exercicio1\Exercicio1.xproj", "{976B1966-FFC1-437F-AE29-82EE033FA46C}"
EndProject
Global
	GlobalSection(SolutionConfigurationPlatforms) = preSolution
		Debug|Any CPU = Debug|Any CPU
		Release|Any CPU = Release|Any CPU
	EndGlobalSection
	GlobalSection(ProjectConfigurationPlatforms) = postSolution
		{976B1966-FFC1-437F-AE29-82EE033FA46C}.Debug|Any CPU.ActiveCfg = Debug|Any CPU
		{976B1966-FFC1-437F-AE29-82EE033FA46C}.Debug|Any CPU.Build.0 = Debug|Any CPU
		{976B1966-FFC1-437F-AE29-82EE033FA46C}.Release|Any CPU.ActiveCfg = Release|Any CPU
		{976B1966-FFC1-437F-AE29-82EE033FA46C}.Release|Any CPU.Build.0 = Release|Any CPU
	EndGlobalSection
	GlobalSection(SolutionProperties) = preSolution
		HideSolutionNode = FALSE
	EndGlobalSection
	GlobalSection(NestedProjects) = preSolution
		{976B1966-FFC1-437F-AE29-82EE033FA46C} = {E9DDD23D-AF5D-4A71-B95E-CA9A46A42FA3}
	EndGlobalSection
EndGlobal
